PODS:
  - AdColony (4.6.1)
  - AmazonAd (3.1.0)
  - AmazonPublisherServicesSDK (3.3.0)
  - APDAdColonyAdapter (2.10.2.1):
    - AdColony (= 4.6.1)
    - Appodeal (= 2.10.2)
  - APDAmazonAdsAdapter (2.10.2.1):
    - AmazonAd (= 3.1.0)
    - Appodeal (= 2.10.2)
  - APDAppLovinAdapter (2.10.2.1):
    - AppLovinSDK (~> 10.3.4)
    - Appodeal (= 2.10.2)
  - APDBidMachineAdapter (2.10.2.2):
    - APDBidMachineAdapter/HeaderBidding (= 2.10.2.2)
    - Appodeal (= 2.10.2)
  - APDBidMachineAdapter/AdColony (2.10.2.2):
    - AdColony (= 4.6.1)
    - APDBidMachineAdapter/Core
    - Appodeal (= 2.10.2)
  - APDBidMachineAdapter/Amazon (2.10.2.2):
    - AmazonPublisherServicesSDK (= 3.3.0)
    - APDBidMachineAdapter/Core
    - Appodeal (= 2.10.2)
  - APDBidMachineAdapter/AppRoll (2.10.2.2):
    - APDBidMachineAdapter/Core
    - Appodeal (= 2.10.2)
    - AppRollSDK (= 3.1.2)
  - APDBidMachineAdapter/Core (2.10.2.2):
    - Appodeal (= 2.10.2)
    - BidMachine (= 1.7.3.4)
  - APDBidMachineAdapter/Criteo (2.10.2.2):
    - APDBidMachineAdapter/Core
    - Appodeal (= 2.10.2)
    - CriteoPublisherSdk (= 4.0.1)
  - APDBidMachineAdapter/Facebook (2.10.2.2):
    - APDBidMachineAdapter/Core
    - Appodeal (= 2.10.2)
    - FBAudienceNetwork (= 6.5.1)
  - APDBidMachineAdapter/HeaderBidding (2.10.2.2):
    - APDBidMachineAdapter/AdColony
    - APDBidMachineAdapter/Amazon
    - APDBidMachineAdapter/AppRoll
    - APDBidMachineAdapter/Criteo
    - APDBidMachineAdapter/Facebook
    - APDBidMachineAdapter/MyTarget
    - APDBidMachineAdapter/Smaato
    - APDBidMachineAdapter/Tapjoy
    - APDBidMachineAdapter/Vungle
    - Appodeal (= 2.10.2)
  - APDBidMachineAdapter/MyTarget (2.10.2.2):
    - APDBidMachineAdapter/Core
    - Appodeal (= 2.10.2)
    - myTargetSDK (= 5.12.1)
  - APDBidMachineAdapter/Smaato (2.10.2.2):
    - APDBidMachineAdapter/Core
    - Appodeal (= 2.10.2)
    - smaato-ios-sdk (= 21.6.13)
  - APDBidMachineAdapter/Tapjoy (2.10.2.2):
    - APDBidMachineAdapter/Core
    - Appodeal (= 2.10.2)
    - TapjoySDK (= 12.7.0)
  - APDBidMachineAdapter/Vungle (2.10.2.2):
    - APDBidMachineAdapter/Core
    - Appodeal (= 2.10.2)
    - VungleSDK-iOS (= 6.10.1)
  - APDChartboostAdapter (2.10.2.1):
    - Appodeal (= 2.10.2)
    - ChartboostSDK (= 8.3.1)
  - APDFacebookAudienceAdapter (2.10.2.1):
    - Appodeal (= 2.10.2)
    - FBAudienceNetwork (= 6.5.1)
  - APDGoogleAdMobAdapter (2.10.2.2):
    - Appodeal (= 2.10.2)
    - Google-Mobile-Ads-SDK (~> 8.9.0)
  - APDInMobiAdapter (2.10.2.1):
    - Appodeal (= 2.10.2)
    - InMobiSDK/Core (= 9.0.7)
  - APDIronSourceAdapter (2.10.2.2):
    - Appodeal (= 2.10.2)
    - IronSourceSDK (= 7.1.8)
  - APDMintegralAdapter (2.10.2.1):
    - Appodeal (= 2.10.2)
    - MintegralAdSDK (= 6.6.0.0)
    - MintegralAdSDK/InterstitialAd (= 6.6.0.0)
    - MintegralAdSDK/InterstitialVideoAd (= 6.6.0.0)
    - MintegralAdSDK/RewardVideoAd (= 6.6.0.0)
  - APDMyTargetAdapter (2.10.2.1):
    - Appodeal (= 2.10.2)
    - myTargetSDK (= 5.12.1)
  - APDOguryAdapter (2.10.2.1):
    - Appodeal (= 2.10.2)
    - OguryAds (~> 2.3.4)
  - APDSmaatoAdapter (2.10.2.1):
    - Appodeal (= 2.10.2)
    - smaato-ios-sdk (~> 21.6.13)
  - APDStartAppAdapter (2.10.2.2):
    - Appodeal (= 2.10.2)
    - StartAppSDK (= 4.6.7)
  - APDTapjoyAdapter (2.10.2.1):
    - Appodeal (= 2.10.2)
    - TapjoySDK (= 12.7.0)
  - APDTwitterMoPubAdapter (2.10.2.1):
    - Appodeal (= 2.10.2)
    - mopub-ios-sdk/Core (~> 5.11.0)
    - mopub-ios-sdk/NativeAds (~> 5.11.0)
  - APDUnityAdapter (2.10.2.1):
    - Appodeal (= 2.10.2)
    - UnityAds (= 3.7.5)
  - APDVungleAdapter (2.10.2.2):
    - Appodeal (= 2.10.2)
    - VungleSDK-iOS (= 6.10.1)
  - APDYandexAdapter (2.10.2.2):
    - Appodeal (= 2.10.2)
    - YandexMobileAds (= 4.3.1)
  - AppLovinSDK (10.3.4)
  - Appodeal (2.10.2):
    - Protobuf (~> 3.12)
    - StackAnalytics (~> 1.2.0)
    - StackIAB (~> 1.4.3)
    - StackModules (~> 1.1.6)
  - appodeal_flutter (1.1.1):
    - APDAdColonyAdapter (= 2.10.2.1)
    - APDAmazonAdsAdapter (= 2.10.2.1)
    - APDAppLovinAdapter (= 2.10.2.1)
    - APDBidMachineAdapter (= 2.10.2.2)
    - APDChartboostAdapter (= 2.10.2.1)
    - APDFacebookAudienceAdapter (= 2.10.2.1)
    - APDGoogleAdMobAdapter (= 2.10.2.2)
    - APDInMobiAdapter (= 2.10.2.1)
    - APDIronSourceAdapter (= 2.10.2.2)
    - APDMintegralAdapter (= 2.10.2.1)
    - APDMyTargetAdapter (= 2.10.2.1)
    - APDOguryAdapter (= 2.10.2.1)
    - APDSmaatoAdapter (= 2.10.2.1)
    - APDStartAppAdapter (= 2.10.2.2)
    - APDTapjoyAdapter (= 2.10.2.1)
    - APDTwitterMoPubAdapter (= 2.10.2.1)
    - APDUnityAdapter (= 2.10.2.1)
    - APDVungleAdapter (= 2.10.2.2)
    - APDYandexAdapter (= 2.10.2.2)
    - Flutter
    - StackConsentManager (= 1.0.1)
  - AppRollSDK (3.1.2)
  - BidMachine (1.7.3.4):
    - BidMachine/Core (= 1.7.3.4)
  - BidMachine/Core (1.7.3.4):
    - Protobuf (~> 3.9)
    - StackModules (~> 1.1.0)
  - ChartboostSDK (8.3.1)
  - CriteoPublisherSdk (4.0.1):
    - CriteoPublisherSdk/Sdk (= 4.0.1)
  - CriteoPublisherSdk/Sdk (4.0.1)
  - FBAudienceNetwork (6.5.1):
    - FBSDKCoreKit_Basics
  - FBSDKCoreKit_Basics (11.1.0):
    - FBSDKCoreKit_Basics/Basics (= 11.1.0)
  - FBSDKCoreKit_Basics/Basics (11.1.0)
  - Flutter (1.0.0)
  - flutter_fimber (0.0.1):
    - Flutter
  - fluttertoast (0.0.2):
    - Flutter
    - Toast
  - Google-Mobile-Ads-SDK (8.9.0):
    - GoogleAppMeasurement (< 9.0, >= 7.0)
    - GoogleUserMessagingPlatform (>= 1.1)
  - GoogleAppMeasurement (8.6.0):
    - GoogleAppMeasurement/AdIdSupport (= 8.6.0)
    - GoogleUtilities/AppDelegateSwizzler (~> 7.4)
    - GoogleUtilities/MethodSwizzler (~> 7.4)
    - GoogleUtilities/Network (~> 7.4)
    - "GoogleUtilities/NSData+zlib (~> 7.4)"
    - nanopb (~> 2.30908.0)
  - GoogleAppMeasurement/AdIdSupport (8.6.0):
    - GoogleUtilities/AppDelegateSwizzler (~> 7.4)
    - GoogleUtilities/MethodSwizzler (~> 7.4)
    - GoogleUtilities/Network (~> 7.4)
    - "GoogleUtilities/NSData+zlib (~> 7.4)"
    - nanopb (~> 2.30908.0)
  - GoogleUserMessagingPlatform (2.0.0)
  - GoogleUtilities/AppDelegateSwizzler (7.5.1):
    - GoogleUtilities/Environment
    - GoogleUtilities/Logger
    - GoogleUtilities/Network
  - GoogleUtilities/Environment (7.5.1):
    - PromisesObjC (< 3.0, >= 1.2)
  - GoogleUtilities/Logger (7.5.1):
    - GoogleUtilities/Environment
  - GoogleUtilities/MethodSwizzler (7.5.1):
    - GoogleUtilities/Logger
  - GoogleUtilities/Network (7.5.1):
    - GoogleUtilities/Logger
    - "GoogleUtilities/NSData+zlib"
    - GoogleUtilities/Reachability
  - "GoogleUtilities/NSData+zlib (7.5.1)"
  - GoogleUtilities/Reachability (7.5.1):
    - GoogleUtilities/Logger
  - InMobiSDK/Core (9.0.7)
  - IronSourceSDK (7.1.8.0)
  - MintegralAdSDK (6.6.0.0):
    - MintegralAdSDK/NativeAd (= 6.6.0.0)
  - MintegralAdSDK/InterstitialAd (6.6.0.0):
    - MintegralAdSDK/NativeAd
  - MintegralAdSDK/InterstitialVideoAd (6.6.0.0):
    - MintegralAdSDK/NativeAd
  - MintegralAdSDK/NativeAd (6.6.0.0)
  - MintegralAdSDK/RewardVideoAd (6.6.0.0):
    - MintegralAdSDK/NativeAd
  - mopub-ios-sdk/Core (5.11.0)
  - mopub-ios-sdk/NativeAds (5.11.0):
    - mopub-ios-sdk/Core
  - myTargetSDK (5.12.1)
  - nanopb (2.30908.0):
    - nanopb/decode (= 2.30908.0)
    - nanopb/encode (= 2.30908.0)
  - nanopb/decode (2.30908.0)
  - nanopb/encode (2.30908.0)
  - OguryAds (2.3.5):
    - OguryAds/OMID (= 2.3.5)
  - OguryAds/OMID (2.3.5)
  - PromisesObjC (2.0.0)
  - Protobuf (3.17.0)
  - smaato-ios-sdk (21.6.13):
    - smaato-ios-sdk/Full (= 21.6.13)
  - smaato-ios-sdk/Banner (21.6.13):
    - smaato-ios-sdk/Modules/Banner
    - smaato-ios-sdk/Modules/Core
    - smaato-ios-sdk/Modules/RichMedia
  - smaato-ios-sdk/Full (21.6.13):
    - smaato-ios-sdk/Banner
    - smaato-ios-sdk/Interstitial
    - smaato-ios-sdk/Native
    - smaato-ios-sdk/RewardedAds
  - smaato-ios-sdk/Interstitial (21.6.13):
    - smaato-ios-sdk/Modules/Interstitial
    - smaato-ios-sdk/Modules/RichMedia
    - smaato-ios-sdk/Modules/Video
  - smaato-ios-sdk/Modules/Banner (21.6.13):
    - smaato-ios-sdk/Modules/Core
  - smaato-ios-sdk/Modules/Core (21.6.13)
  - smaato-ios-sdk/Modules/Interstitial (21.6.13):
    - smaato-ios-sdk/Modules/Core
  - smaato-ios-sdk/Modules/Native (21.6.13):
    - smaato-ios-sdk/Modules/Core
  - smaato-ios-sdk/Modules/OpenMeasurement (21.6.13):
    - smaato-ios-sdk/Modules/Core
  - smaato-ios-sdk/Modules/RewardedAds (21.6.13):
    - smaato-ios-sdk/Modules/Core
  - smaato-ios-sdk/Modules/RichMedia (21.6.13):
    - smaato-ios-sdk/Modules/Core
    - smaato-ios-sdk/Modules/OpenMeasurement
  - smaato-ios-sdk/Modules/Video (21.6.13):
    - smaato-ios-sdk/Modules/Core
    - smaato-ios-sdk/Modules/OpenMeasurement
  - smaato-ios-sdk/Native (21.6.13):
    - smaato-ios-sdk/Modules/Core
    - smaato-ios-sdk/Modules/Native
  - smaato-ios-sdk/RewardedAds (21.6.13):
    - smaato-ios-sdk/Modules/RewardedAds
    - smaato-ios-sdk/Modules/Video
  - StackAnalytics (1.2.0):
    - StackAnalytics/Full (= 1.2.0)
    - StackModules (~> 1.1.0)
  - StackAnalytics/Base (1.2.0):
    - StackModules (~> 1.1.0)
  - StackAnalytics/Crashes (1.2.0):
    - StackModules (~> 1.1.0)
  - StackAnalytics/Full (1.2.0):
    - StackAnalytics/Base
    - StackAnalytics/Crashes
    - StackModules (~> 1.1.0)
  - StackConsentManager (1.0.1)
  - StackIAB (1.4.3):
    - StackIAB/StackIABAssets (= 1.4.3)
    - StackIAB/StackMRAIDKit (= 1.4.3)
    - StackIAB/StackNASTKit (= 1.4.3)
    - StackIAB/StackOpenMeasure (= 1.4.3)
    - StackIAB/StackRichMedia (= 1.4.3)
    - StackIAB/StackVASTAssets (= 1.4.3)
    - StackIAB/StackVASTKit (= 1.4.3)
    - StackIAB/StackVideoPlayer (= 1.4.3)
    - StackIAB/StackXML (= 1.4.3)
    - StackModules (~> 1.1.0)
  - StackIAB/StackIABAssets (1.4.3):
    - StackModules (~> 1.1.0)
  - StackIAB/StackMRAIDKit (1.4.3):
    - StackIAB/StackIABAssets
    - StackIAB/StackOpenMeasure
    - StackModules (~> 1.1.0)
  - StackIAB/StackNASTKit (1.4.3):
    - StackIAB/StackVASTKit
    - StackModules (~> 1.1.0)
  - StackIAB/StackOpenMeasure (1.4.3):
    - StackModules (~> 1.1.0)
  - StackIAB/StackRichMedia (1.4.3):
    - StackIAB/StackIABAssets
    - StackIAB/StackVASTAssets
    - StackIAB/StackVideoPlayer
    - StackModules (~> 1.1.0)
  - StackIAB/StackVASTAssets (1.4.3):
    - StackIAB/StackIABAssets
    - StackIAB/StackXML
    - StackModules (~> 1.1.0)
  - StackIAB/StackVASTKit (1.4.3):
    - StackIAB/StackMRAIDKit
    - StackIAB/StackVASTAssets
    - StackIAB/StackVideoPlayer
    - StackModules (~> 1.1.0)
  - StackIAB/StackVideoPlayer (1.4.3):
    - StackModules (~> 1.1.0)
  - StackIAB/StackXML (1.4.3):
    - StackModules (~> 1.1.0)
  - StackModules (1.1.6):
    - StackModules/StackProductPresentation (= 1.1.6)
  - StackModules/StackFoundation (1.1.6)
  - StackModules/StackProductPresentation (1.1.6):
    - StackModules/StackUIKit
  - StackModules/StackUIKit (1.1.6):
    - StackModules/StackFoundation
  - StartAppSDK (4.6.7)
  - TapjoySDK (12.7.0)
  - Toast (4.0.0)
  - UnityAds (3.7.5)
  - VungleSDK-iOS (6.10.1)
  - YandexMobileAds (4.3.1):
    - YandexMobileAds/Static (= 4.3.1)
  - YandexMobileAds/Static (4.3.1):
    - YandexMobileMetrica (< 4.0.0, >= 3.14.1)
  - YandexMobileMetrica (3.17.0):
    - YandexMobileMetrica/Static (= 3.17.0)
  - YandexMobileMetrica/Static (3.17.0):
    - YandexMobileMetrica/Static/Core (= 3.17.0)
    - YandexMobileMetrica/Static/Crashes (= 3.17.0)
  - YandexMobileMetrica/Static/Core (3.17.0)
  - YandexMobileMetrica/Static/Crashes (3.17.0):
    - YandexMobileMetrica/Static/Core

DEPENDENCIES:
  - appodeal_flutter (from `.symlinks/plugins/appodeal_flutter/ios`)
  - Flutter (from `Flutter`)
  - flutter_fimber (from `.symlinks/plugins/flutter_fimber/ios`)
  - fluttertoast (from `.symlinks/plugins/fluttertoast/ios`)

SPEC REPOS:
  trunk:
    - AdColony
    - AmazonAd
    - AmazonPublisherServicesSDK
    - APDAdColonyAdapter
    - APDAmazonAdsAdapter
    - APDAppLovinAdapter
    - APDBidMachineAdapter
    - APDChartboostAdapter
    - APDFacebookAudienceAdapter
    - APDGoogleAdMobAdapter
    - APDInMobiAdapter
    - APDIronSourceAdapter
    - APDMintegralAdapter
    - APDMyTargetAdapter
    - APDOguryAdapter
    - APDSmaatoAdapter
    - APDStartAppAdapter
    - APDTapjoyAdapter
    - APDTwitterMoPubAdapter
    - APDUnityAdapter
    - APDVungleAdapter
    - APDYandexAdapter
    - AppLovinSDK
    - Appodeal
    - AppRollSDK
    - BidMachine
    - ChartboostSDK
    - CriteoPublisherSdk
    - FBAudienceNetwork
    - FBSDKCoreKit_Basics
    - Google-Mobile-Ads-SDK
    - GoogleAppMeasurement
    - GoogleUserMessagingPlatform
    - GoogleUtilities
    - InMobiSDK
    - IronSourceSDK
    - MintegralAdSDK
    - mopub-ios-sdk
    - myTargetSDK
    - nanopb
    - OguryAds
    - PromisesObjC
    - Protobuf
    - smaato-ios-sdk
    - StackAnalytics
    - StackConsentManager
    - StackIAB
    - StackModules
    - StartAppSDK
    - TapjoySDK
    - Toast
    - UnityAds
    - VungleSDK-iOS
    - YandexMobileAds
    - YandexMobileMetrica

EXTERNAL SOURCES:
  appodeal_flutter:
    :path: ".symlinks/plugins/appodeal_flutter/ios"
  Flutter:
    :path: Flutter
  flutter_fimber:
    :path: ".symlinks/plugins/flutter_fimber/ios"
  fluttertoast:
    :path: ".symlinks/plugins/fluttertoast/ios"

SPEC CHECKSUMS:
  AdColony: 957c975fa756fcdb10a91e8a7d6de4cf5bfc4f78
  AmazonAd: 9adf416ea36ca2325ce2040c0cf124f071089904
  AmazonPublisherServicesSDK: 12ec8a797b49796f2714d5f99235370e24bf93e6
  APDAdColonyAdapter: 4a60bc97f26c363226b64bc2ede38d2c5d98e79c
  APDAmazonAdsAdapter: 29c766f174e36ca8102995cecb62966095278561
  APDAppLovinAdapter: d7d768a05bb43ea6b0362a69f695ff763cf3c566
  APDBidMachineAdapter: f3d7cf67df52da8addf40d032b354ba1cb8e925b
  APDChartboostAdapter: 9fe42124f136edb27afe89f8df78b8ba8420842c
  APDFacebookAudienceAdapter: 87126819d62c7c43f9a4aaa10bc4453b87c12fbf
  APDGoogleAdMobAdapter: dbe3ba7584ff7da73f66fe5b85c98bcb0336b821
  APDInMobiAdapter: 7d71c51d389adaf1c849ea5eae53544cf575afb2
  APDIronSourceAdapter: f39ab730e2507c2b7772f4605d50363ca81d7668
  APDMintegralAdapter: 126aaeb33a75e60cbd191b83279972eddfe33405
  APDMyTargetAdapter: 3fb8218afbb801870d50ecc07d3f67e7831c38bd
  APDOguryAdapter: 0972b457e09d26952411d8287b5769a50c4ed1c0
  APDSmaatoAdapter: fdd77ffc4f5dad606b55c6da673ae8879649d92a
  APDStartAppAdapter: 54be9476c3cf5e5ff79806de179ad34b97097bf5
  APDTapjoyAdapter: b5f7b382afc7d7badd0ed31691cf68d333e1361b
  APDTwitterMoPubAdapter: 80bdc84480fb75b76630e4efd797dc86ab9af97e
  APDUnityAdapter: 41cd8f58fe548163b176de452ebb01dc848cf448
  APDVungleAdapter: 2ef1e1e737d311a6dcf56a3f3f869a1549f6ea8c
  APDYandexAdapter: afe8d4d380a18e812d8f7c487aeab90bd723ceed
  AppLovinSDK: 5a28da8e9b298a11e9e878abcc98e21e7edbdad3
  Appodeal: 2fbca4ef766bc50e88b26190f5f3a205a1b667c1
  appodeal_flutter: 6bc7077eabe53e2cdcef4ebb03fd0dc671cb4a3d
  AppRollSDK: bd9e96ad026dd51ad07714a35d43da95bb882d5f
  BidMachine: e838b9689a17ae50bbd81470563d92b81ccef744
  ChartboostSDK: df785becfd574915aeb8704818fa57679c099711
  CriteoPublisherSdk: a7551daf9235203a040703504ae549e842b5eebf
  FBAudienceNetwork: 9a5f277d6ed36a46354a045c46a4858b47407a72
  FBSDKCoreKit_Basics: 8f978bce195845f609b0ec6b425949d0d24f525b
  Flutter: 50d75fe2f02b26cc09d224853bb45737f8b3214a
  flutter_fimber: 4a6b342666fecb329fca23143f4b72c46cdd8022
  fluttertoast: 6122fa75143e992b1d3470f61000f591a798cc58
  Google-Mobile-Ads-SDK: 8494046b4d339275a381f6bcfafbff7adb2f515f
  GoogleAppMeasurement: 2c0c6e2a7ab3fe730ade6379f732bdefb46f50b0
  GoogleUserMessagingPlatform: ab890ce5f6620f293a21b6bdd82e416a2c73aeca
  GoogleUtilities: 3df19e3c24f7bbc291d8b5809aa6b0d41e642437
  InMobiSDK: c3ec3fed998d8431ba31ad16565d102159e3f9e3
  IronSourceSDK: 89168ab902229f4447f401dc8d2ac51308a85524
  MintegralAdSDK: 2e37e32cdfbf5f7d8399cad67f0271e92da098d5
  mopub-ios-sdk: 292b8e9a55a2e72a34afc04ec01e85486af46240
  myTargetSDK: c981b55ed5e2186d468862a74932dc7e17ea7125
  nanopb: a0ba3315591a9ae0a16a309ee504766e90db0c96
  OguryAds: 8dccce073aea7e11ddb83f1122e8ee65bf33f3c3
  PromisesObjC: 68159ce6952d93e17b2dfe273b8c40907db5ba58
  Protobuf: 7327d4444215b5f18e560a97f879ff5503c4581c
  smaato-ios-sdk: 700f044b161581a3396072d01ce48c81c09a9fa3
  StackAnalytics: 6c458f55cdc1777c01aa511e8e05a8a2a5da993b
  StackConsentManager: 2e7c7512d4c1b5dddf248e7e9f78931d8d0142e8
  StackIAB: 0229259e7616ea48da76466a325cf7c53ea860cd
  StackModules: f0ee7e66c4f4fc174016b4087f57dbe2382491aa
  StartAppSDK: 709e9c49a30fb5ec48d3311bd390b0a16d953b19
  TapjoySDK: e863ea0d0f5d3ab3f8f12d9a9af737789d9dab6d
  Toast: 91b396c56ee72a5790816f40d3a94dd357abc196
  UnityAds: 9adbfd8ccc008e4e3e7b1bcf5666a126df4f1a8e
  VungleSDK-iOS: 0344be7980f4cca040761f819dfd8101edba44cf
  YandexMobileAds: 8f9bdf380364875c468ded8f33bf6e9cc711b3a2
  YandexMobileMetrica: 9e713c16bb6aca0ba63b84c8d7b8b86d32f4ecc4

PODFILE CHECKSUM: fe0e1ee7f3d1f7d00b11b474b62dd62134535aea

COCOAPODS: 1.11.0
