PODS:
  - AdColony (4.6.1)
  - AmazonAd (3.1.0)
  - AmazonPublisherServicesSDK (3.3.0)
  - APDAdColonyAdapter (2.10.1.1):
    - AdColony (= 4.6.1)
    - Appodeal (= 2.10.1)
  - APDAmazonAdsAdapter (2.10.1.1):
    - AmazonAd (= 3.1.0)
    - Appodeal (= 2.10.1)
  - APDAppLovinAdapter (2.10.1.2):
    - AppLovinSDK (~> 10.3.0)
    - Appodeal (= 2.10.1)
  - APDBidMachineAdapter (2.10.1.2):
    - APDBidMachineAdapter/HeaderBidding (= 2.10.1.2)
    - Appodeal (= 2.10.1)
  - APDBidMachineAdapter/AdColony (2.10.1.2):
    - AdColony (= 4.6.1)
    - APDBidMachineAdapter/Core
    - Appodeal (= 2.10.1)
  - APDBidMachineAdapter/Amazon (2.10.1.2):
    - AmazonPublisherServicesSDK (= 3.3.0)
    - APDBidMachineAdapter/Core
    - Appodeal (= 2.10.1)
  - APDBidMachineAdapter/AppRoll (2.10.1.2):
    - APDBidMachineAdapter/Core
    - Appodeal (= 2.10.1)
    - AppRollSDK (= 3.1.2)
  - APDBidMachineAdapter/Core (2.10.1.2):
    - Appodeal (= 2.10.1)
    - BidMachine (= 1.7.3)
  - APDBidMachineAdapter/Criteo (2.10.1.2):
    - APDBidMachineAdapter/Core
    - Appodeal (= 2.10.1)
    - CriteoPublisherSdk (= 4.0.1)
  - APDBidMachineAdapter/Facebook (2.10.1.2):
    - APDBidMachineAdapter/Core
    - Appodeal (= 2.10.1)
    - FBAudienceNetwork (= 6.4.1)
  - APDBidMachineAdapter/HeaderBidding (2.10.1.2):
    - APDBidMachineAdapter/AdColony
    - APDBidMachineAdapter/Amazon
    - APDBidMachineAdapter/AppRoll
    - APDBidMachineAdapter/Criteo
    - APDBidMachineAdapter/Facebook
    - APDBidMachineAdapter/MyTarget
    - APDBidMachineAdapter/Smaato
    - APDBidMachineAdapter/Tapjoy
    - APDBidMachineAdapter/Vungle
    - Appodeal (= 2.10.1)
  - APDBidMachineAdapter/MyTarget (2.10.1.2):
    - APDBidMachineAdapter/Core
    - Appodeal (= 2.10.1)
    - myTargetSDK (= 5.11.2)
  - APDBidMachineAdapter/Smaato (2.10.1.2):
    - APDBidMachineAdapter/Core
    - Appodeal (= 2.10.1)
    - smaato-ios-sdk (= 21.6.13)
  - APDBidMachineAdapter/Tapjoy (2.10.1.2):
    - APDBidMachineAdapter/Core
    - Appodeal (= 2.10.1)
    - TapjoySDK (= 12.7.0)
  - APDBidMachineAdapter/Vungle (2.10.1.2):
    - APDBidMachineAdapter/Core
    - Appodeal (= 2.10.1)
    - VungleSDK-iOS (= 6.9.2)
  - APDChartboostAdapter (2.10.1.1):
    - Appodeal (= 2.10.1)
    - ChartboostSDK (= 8.3.1)
  - APDFacebookAudienceAdapter (2.10.1.1):
    - Appodeal (= 2.10.1)
    - FBAudienceNetwork (= 6.4.1)
  - APDGoogleAdMobAdapter (2.10.1.1):
    - Appodeal (= 2.10.1)
    - Google-Mobile-Ads-SDK (~> 8.5.0)
  - APDInMobiAdapter (2.10.1.1):
    - Appodeal (= 2.10.1)
    - InMobiSDK/Core (= 9.0.7)
  - APDIronSourceAdapter (2.10.1.2):
    - Appodeal (= 2.10.1)
    - IronSourceSDK (= 7.1.6)
  - APDMintegralAdapter (2.10.1.1):
    - Appodeal (= 2.10.1)
    - MintegralAdSDK (= 6.6.0.0)
    - MintegralAdSDK/InterstitialAd (= 6.6.0.0)
    - MintegralAdSDK/InterstitialVideoAd (= 6.6.0.0)
    - MintegralAdSDK/RewardVideoAd (= 6.6.0.0)
  - APDMyTargetAdapter (2.10.1.2):
    - Appodeal (= 2.10.1)
    - myTargetSDK (= 5.11.2)
  - APDOguryAdapter (2.10.1.1):
    - Appodeal (= 2.10.1)
    - OguryAds (~> 2.3.4)
  - APDSmaatoAdapter (2.10.1.1):
    - Appodeal (= 2.10.1)
    - smaato-ios-sdk (~> 21.6.13)
  - APDStartAppAdapter (2.10.1.2):
    - Appodeal (= 2.10.1)
    - StartAppSDK (= 4.6.4)
  - APDTapjoyAdapter (2.10.1.1):
    - Appodeal (= 2.10.1)
    - TapjoySDK (= 12.7.0)
  - APDTwitterMoPubAdapter (2.10.1.1):
    - Appodeal (= 2.10.1)
    - mopub-ios-sdk/Core (~> 5.11.0)
    - mopub-ios-sdk/NativeAds (~> 5.11.0)
  - APDUnityAdapter (2.10.1.1):
    - Appodeal (= 2.10.1)
    - UnityAds (= 3.7.1)
  - APDVungleAdapter (2.10.1.1):
    - Appodeal (= 2.10.1)
    - VungleSDK-iOS (= 6.9.2)
  - APDYandexAdapter (2.10.1.1):
    - Appodeal (= 2.10.1)
    - YandexMobileAds (= 4.1.2)
  - AppLovinSDK (10.3.2)
  - Appodeal (2.10.1):
    - Protobuf (~> 3.12)
    - StackCrashReporter (= 1.0.0-Beta)
    - StackIAB (~> 1.4.1)
    - StackModules (~> 1.1.0)
  - appodeal_flutter (1.0.0):
    - APDAdColonyAdapter (= 2.10.1.1)
    - APDAmazonAdsAdapter (= 2.10.1.1)
    - APDAppLovinAdapter (= 2.10.1.2)
    - APDBidMachineAdapter (= 2.10.1.2)
    - APDChartboostAdapter (= 2.10.1.1)
    - APDFacebookAudienceAdapter (= 2.10.1.1)
    - APDGoogleAdMobAdapter (= 2.10.1.1)
    - APDInMobiAdapter (= 2.10.1.1)
    - APDIronSourceAdapter (= 2.10.1.2)
    - APDMintegralAdapter (= 2.10.1.1)
    - APDMyTargetAdapter (= 2.10.1.2)
    - APDOguryAdapter (= 2.10.1.1)
    - APDSmaatoAdapter (= 2.10.1.1)
    - APDStartAppAdapter (= 2.10.1.2)
    - APDTapjoyAdapter (= 2.10.1.1)
    - APDTwitterMoPubAdapter (= 2.10.1.1)
    - APDUnityAdapter (= 2.10.1.1)
    - APDVungleAdapter (= 2.10.1.1)
    - APDYandexAdapter (= 2.10.1.1)
    - Flutter
    - StackConsentManager (= 1.0.1)
  - AppRollSDK (3.1.2)
  - BidMachine (1.7.3.0):
    - BidMachine/Core (= 1.7.3.0)
  - BidMachine/Core (1.7.3.0):
    - Protobuf (~> 3.9)
    - StackModules (~> 1.1.0)
  - ChartboostSDK (8.3.1)
  - CriteoPublisherSdk (4.0.1):
    - CriteoPublisherSdk/Sdk (= 4.0.1)
  - CriteoPublisherSdk/Sdk (4.0.1)
  - FBAudienceNetwork (6.4.1):
    - FBSDKCoreKit/Basics (>= 7.0.1)
  - FBSDKCoreKit/Basics (9.3.0)
  - Flutter (1.0.0)
  - Google-Mobile-Ads-SDK (8.5.0):
    - GoogleAppMeasurement (< 9.0, >= 7.0)
    - GoogleUserMessagingPlatform (>= 1.1)
  - GoogleAppMeasurement (8.2.0):
    - GoogleAppMeasurement/AdIdSupport (= 8.2.0)
    - GoogleUtilities/AppDelegateSwizzler (~> 7.4)
    - GoogleUtilities/MethodSwizzler (~> 7.4)
    - GoogleUtilities/Network (~> 7.4)
    - "GoogleUtilities/NSData+zlib (~> 7.4)"
    - nanopb (~> 2.30908.0)
  - GoogleAppMeasurement/AdIdSupport (8.2.0):
    - GoogleUtilities/AppDelegateSwizzler (~> 7.4)
    - GoogleUtilities/MethodSwizzler (~> 7.4)
    - GoogleUtilities/Network (~> 7.4)
    - "GoogleUtilities/NSData+zlib (~> 7.4)"
    - nanopb (~> 2.30908.0)
  - GoogleUserMessagingPlatform (2.0.0)
  - GoogleUtilities/AppDelegateSwizzler (7.4.3):
    - GoogleUtilities/Environment
    - GoogleUtilities/Logger
    - GoogleUtilities/Network
  - GoogleUtilities/Environment (7.4.3):
    - PromisesObjC (~> 1.2)
  - GoogleUtilities/Logger (7.4.3):
    - GoogleUtilities/Environment
  - GoogleUtilities/MethodSwizzler (7.4.3):
    - GoogleUtilities/Logger
  - GoogleUtilities/Network (7.4.3):
    - GoogleUtilities/Logger
    - "GoogleUtilities/NSData+zlib"
    - GoogleUtilities/Reachability
  - "GoogleUtilities/NSData+zlib (7.4.3)"
  - GoogleUtilities/Reachability (7.4.3):
    - GoogleUtilities/Logger
  - InMobiSDK/Core (9.0.7)
  - IronSourceSDK (7.1.6.0)
  - MintegralAdSDK (6.6.0.0):
    - MintegralAdSDK/NativeAd (= 6.6.0.0)
  - MintegralAdSDK/InterstitialAd (6.6.0.0):
    - MintegralAdSDK/NativeAd
  - MintegralAdSDK/InterstitialVideoAd (6.6.0.0):
    - MintegralAdSDK/NativeAd
  - MintegralAdSDK/NativeAd (6.6.0.0)
  - MintegralAdSDK/RewardVideoAd (6.6.0.0):
    - MintegralAdSDK/NativeAd
  - mopub-ios-sdk/Core (5.11.0)
  - mopub-ios-sdk/NativeAds (5.11.0):
    - mopub-ios-sdk/Core
  - myTargetSDK (5.11.2)
  - nanopb (2.30908.0):
    - nanopb/decode (= 2.30908.0)
    - nanopb/encode (= 2.30908.0)
  - nanopb/decode (2.30908.0)
  - nanopb/encode (2.30908.0)
  - OguryAds (2.3.5):
    - OguryAds/OMID (= 2.3.5)
  - OguryAds/OMID (2.3.5)
  - PromisesObjC (1.2.12)
  - Protobuf (3.17.0)
  - smaato-ios-sdk (21.6.13):
    - smaato-ios-sdk/Full (= 21.6.13)
  - smaato-ios-sdk/Banner (21.6.13):
    - smaato-ios-sdk/Modules/Banner
    - smaato-ios-sdk/Modules/Core
    - smaato-ios-sdk/Modules/RichMedia
  - smaato-ios-sdk/Full (21.6.13):
    - smaato-ios-sdk/Banner
    - smaato-ios-sdk/Interstitial
    - smaato-ios-sdk/Native
    - smaato-ios-sdk/RewardedAds
  - smaato-ios-sdk/Interstitial (21.6.13):
    - smaato-ios-sdk/Modules/Interstitial
    - smaato-ios-sdk/Modules/RichMedia
    - smaato-ios-sdk/Modules/Video
  - smaato-ios-sdk/Modules/Banner (21.6.13):
    - smaato-ios-sdk/Modules/Core
  - smaato-ios-sdk/Modules/Core (21.6.13)
  - smaato-ios-sdk/Modules/Interstitial (21.6.13):
    - smaato-ios-sdk/Modules/Core
  - smaato-ios-sdk/Modules/Native (21.6.13):
    - smaato-ios-sdk/Modules/Core
  - smaato-ios-sdk/Modules/OpenMeasurement (21.6.13):
    - smaato-ios-sdk/Modules/Core
  - smaato-ios-sdk/Modules/RewardedAds (21.6.13):
    - smaato-ios-sdk/Modules/Core
  - smaato-ios-sdk/Modules/RichMedia (21.6.13):
    - smaato-ios-sdk/Modules/Core
    - smaato-ios-sdk/Modules/OpenMeasurement
  - smaato-ios-sdk/Modules/Video (21.6.13):
    - smaato-ios-sdk/Modules/Core
    - smaato-ios-sdk/Modules/OpenMeasurement
  - smaato-ios-sdk/Native (21.6.13):
    - smaato-ios-sdk/Modules/Core
    - smaato-ios-sdk/Modules/Native
  - smaato-ios-sdk/RewardedAds (21.6.13):
    - smaato-ios-sdk/Modules/RewardedAds
    - smaato-ios-sdk/Modules/Video
  - StackConsentManager (1.0.1)
  - StackCrashReporter (1.0.0-Beta)
  - StackIAB (1.4.3):
    - StackIAB/StackIABAssets (= 1.4.3)
    - StackIAB/StackMRAIDKit (= 1.4.3)
    - StackIAB/StackNASTKit (= 1.4.3)
    - StackIAB/StackOpenMeasure (= 1.4.3)
    - StackIAB/StackRichMedia (= 1.4.3)
    - StackIAB/StackVASTAssets (= 1.4.3)
    - StackIAB/StackVASTKit (= 1.4.3)
    - StackIAB/StackVideoPlayer (= 1.4.3)
    - StackIAB/StackXML (= 1.4.3)
    - StackModules (~> 1.1.0)
  - StackIAB/StackIABAssets (1.4.3):
    - StackModules (~> 1.1.0)
  - StackIAB/StackMRAIDKit (1.4.3):
    - StackIAB/StackIABAssets
    - StackIAB/StackOpenMeasure
    - StackModules (~> 1.1.0)
  - StackIAB/StackNASTKit (1.4.3):
    - StackIAB/StackVASTKit
    - StackModules (~> 1.1.0)
  - StackIAB/StackOpenMeasure (1.4.3):
    - StackModules (~> 1.1.0)
  - StackIAB/StackRichMedia (1.4.3):
    - StackIAB/StackIABAssets
    - StackIAB/StackVASTAssets
    - StackIAB/StackVideoPlayer
    - StackModules (~> 1.1.0)
  - StackIAB/StackVASTAssets (1.4.3):
    - StackIAB/StackIABAssets
    - StackIAB/StackXML
    - StackModules (~> 1.1.0)
  - StackIAB/StackVASTKit (1.4.3):
    - StackIAB/StackMRAIDKit
    - StackIAB/StackVASTAssets
    - StackIAB/StackVideoPlayer
    - StackModules (~> 1.1.0)
  - StackIAB/StackVideoPlayer (1.4.3):
    - StackModules (~> 1.1.0)
  - StackIAB/StackXML (1.4.3):
    - StackModules (~> 1.1.0)
  - StackModules (1.1.3):
    - StackModules/StackProductPresentation (= 1.1.3)
  - StackModules/StackFoundation (1.1.3)
  - StackModules/StackProductPresentation (1.1.3):
    - StackModules/StackUIKit
  - StackModules/StackUIKit (1.1.3):
    - StackModules/StackFoundation
  - StartAppSDK (4.6.4)
  - TapjoySDK (12.7.0)
  - UnityAds (3.7.1)
  - VungleSDK-iOS (6.9.2)
  - YandexMobileAds (4.1.2):
    - YandexMobileAds/Static (= 4.1.2)
  - YandexMobileAds/Static (4.1.2):
    - YandexMobileMetrica (< 4.0.0, >= 3.14.1)
  - YandexMobileMetrica (3.17.0):
    - YandexMobileMetrica/Static (= 3.17.0)
  - YandexMobileMetrica/Static (3.17.0):
    - YandexMobileMetrica/Static/Core (= 3.17.0)
    - YandexMobileMetrica/Static/Crashes (= 3.17.0)
  - YandexMobileMetrica/Static/Core (3.17.0)
  - YandexMobileMetrica/Static/Crashes (3.17.0):
    - YandexMobileMetrica/Static/Core

DEPENDENCIES:
  - appodeal_flutter (from `.symlinks/plugins/appodeal_flutter/ios`)
  - Flutter (from `Flutter`)

SPEC REPOS:
  trunk:
    - AdColony
    - AmazonAd
    - AmazonPublisherServicesSDK
    - APDAdColonyAdapter
    - APDAmazonAdsAdapter
    - APDAppLovinAdapter
    - APDBidMachineAdapter
    - APDChartboostAdapter
    - APDFacebookAudienceAdapter
    - APDGoogleAdMobAdapter
    - APDInMobiAdapter
    - APDIronSourceAdapter
    - APDMintegralAdapter
    - APDMyTargetAdapter
    - APDOguryAdapter
    - APDSmaatoAdapter
    - APDStartAppAdapter
    - APDTapjoyAdapter
    - APDTwitterMoPubAdapter
    - APDUnityAdapter
    - APDVungleAdapter
    - APDYandexAdapter
    - AppLovinSDK
    - Appodeal
    - AppRollSDK
    - BidMachine
    - ChartboostSDK
    - CriteoPublisherSdk
    - FBAudienceNetwork
    - FBSDKCoreKit
    - Google-Mobile-Ads-SDK
    - GoogleAppMeasurement
    - GoogleUserMessagingPlatform
    - GoogleUtilities
    - InMobiSDK
    - IronSourceSDK
    - MintegralAdSDK
    - mopub-ios-sdk
    - myTargetSDK
    - nanopb
    - OguryAds
    - PromisesObjC
    - Protobuf
    - smaato-ios-sdk
    - StackConsentManager
    - StackCrashReporter
    - StackIAB
    - StackModules
    - StartAppSDK
    - TapjoySDK
    - UnityAds
    - VungleSDK-iOS
    - YandexMobileAds
    - YandexMobileMetrica

EXTERNAL SOURCES:
  appodeal_flutter:
    :path: ".symlinks/plugins/appodeal_flutter/ios"
  Flutter:
    :path: Flutter

SPEC CHECKSUMS:
  AdColony: 957c975fa756fcdb10a91e8a7d6de4cf5bfc4f78
  AmazonAd: 9adf416ea36ca2325ce2040c0cf124f071089904
  AmazonPublisherServicesSDK: 12ec8a797b49796f2714d5f99235370e24bf93e6
  APDAdColonyAdapter: 7cba313e456abb7e35ab043aff5198b66ef7a8d4
  APDAmazonAdsAdapter: b8fd0277d75d2ec54fd82b19a4e6389db2fcd9be
  APDAppLovinAdapter: f6111bdb990caa836f0262fad466a1f3e2ae1fba
  APDBidMachineAdapter: 81118394e9dfefb4812ba9fa95da565190b8bc71
  APDChartboostAdapter: fb4baba5b4e35999524b0e2dc2e71aae1b5543b7
  APDFacebookAudienceAdapter: 7985c9001d8d6e4a08fc9f9d6a280ef6bd3d967f
  APDGoogleAdMobAdapter: 5d5079be9fb525b9781a4642a141da1af9677e50
  APDInMobiAdapter: 33496530d739c74714bc7ccda7ebbdfbcc3ea899
  APDIronSourceAdapter: c3c89469706dd380cd29d14c683be1a4db473906
  APDMintegralAdapter: a279418e548b4fe5325562579b2727d98cb83963
  APDMyTargetAdapter: 7e3f0ce04ea3a4fbb6dbcc8c449b8dd3582d25c0
  APDOguryAdapter: 1e3be26a3ae206ed527a8ab3ef58fc93024db00f
  APDSmaatoAdapter: fca79d8e8d8be3fdbe8b2dfbb69819f6f0e67908
  APDStartAppAdapter: e87b01a28b17937d1ae069b1fdebd22455b8640a
  APDTapjoyAdapter: 804ead41c38c18d84307bdcd25722e35892eb91f
  APDTwitterMoPubAdapter: 4850bd4ec223407c982ebf56103a2c685cd380ad
  APDUnityAdapter: bc41596c5e59c168ca2900c088cc6448e73e2764
  APDVungleAdapter: eb59e56d758da1fd325b39753c669998db450e9d
  APDYandexAdapter: bdfe05e2bb796d3bca08adf890fcf8edc781dff8
  AppLovinSDK: 3bbfef1e3ac84d85f556fda26e50f5a70230b970
  Appodeal: 1bb4a1d29eff4c30deab00ec04103ee0bf4279c1
  appodeal_flutter: a195a97aa259f60a78795cd2c0298a098ddabb03
  AppRollSDK: bd9e96ad026dd51ad07714a35d43da95bb882d5f
  BidMachine: e1cfa7f47a51ec6afbc62949d12274f61c04c1bf
  ChartboostSDK: df785becfd574915aeb8704818fa57679c099711
  CriteoPublisherSdk: a7551daf9235203a040703504ae549e842b5eebf
  FBAudienceNetwork: 1974ec59ef88102f284c29941d73d0cbec3f2874
  FBSDKCoreKit: 0d1ae58388a458b8222f72025804cdc84eb5d0c3
  Flutter: 434fef37c0980e73bb6479ef766c45957d4b510c
  Google-Mobile-Ads-SDK: 6f5c41bf73db1656e5b203ba9c31e3d0899a128d
  GoogleAppMeasurement: b52eafc9dff542d580700e708216568bd2fbf168
  GoogleUserMessagingPlatform: ab890ce5f6620f293a21b6bdd82e416a2c73aeca
  GoogleUtilities: 45dbb24a7f351d69d0a601482b39ad6c32e30dab
  InMobiSDK: c3ec3fed998d8431ba31ad16565d102159e3f9e3
  IronSourceSDK: 3cd80081469b1228cfaacb516eedb02f022745ea
  MintegralAdSDK: 2e37e32cdfbf5f7d8399cad67f0271e92da098d5
  mopub-ios-sdk: 292b8e9a55a2e72a34afc04ec01e85486af46240
  myTargetSDK: edbafedbd3c86f88366d738cae9adee9e6c2359b
  nanopb: a0ba3315591a9ae0a16a309ee504766e90db0c96
  OguryAds: 8dccce073aea7e11ddb83f1122e8ee65bf33f3c3
  PromisesObjC: 3113f7f76903778cf4a0586bd1ab89329a0b7b97
  Protobuf: 7327d4444215b5f18e560a97f879ff5503c4581c
  smaato-ios-sdk: 700f044b161581a3396072d01ce48c81c09a9fa3
  StackConsentManager: 2e7c7512d4c1b5dddf248e7e9f78931d8d0142e8
  StackCrashReporter: 855bc6d59c5ab0a8103b1428e1d5d25abe61ed30
  StackIAB: 0229259e7616ea48da76466a325cf7c53ea860cd
  StackModules: 9cf0d50a595e49191211cfe22fe4fd0f443097cc
  StartAppSDK: cb5a43363fc10ee4977b42f77d81b995d73262f0
  TapjoySDK: e863ea0d0f5d3ab3f8f12d9a9af737789d9dab6d
  UnityAds: 5b17b608ddb50ec7705b17e7884aa516be118938
  VungleSDK-iOS: f9dbcb5dde6036d424c29fbdd43159b1be19bdbd
  YandexMobileAds: 8bc89fe89d5e26e67c74492adcf6b40f97985da2
  YandexMobileMetrica: 9e713c16bb6aca0ba63b84c8d7b8b86d32f4ecc4

PODFILE CHECKSUM: fe0e1ee7f3d1f7d00b11b474b62dd62134535aea

COCOAPODS: 1.10.1
